{
  "name": "serversidepi",
  "version": "1.0.0",
  "lockfileVersion": 1,
  "requires": true,
  "dependencies": {
    "angular": {
      "version": "1.6.10",
      "resolved": "https://registry.npmjs.org/angular/-/angular-1.6.10.tgz",
      "integrity": "sha512-PCZ5/hVdvPQiYyH0VwsPjrErPHRcITnaXxhksceOXgtJeesKHLA7KDu4X/yvcAi+1zdGgGF+9pDxkJvghXI9Wg=="
    },
    "angular-touch": {
      "version": "1.7.5",
      "resolved": "https://registry.npmjs.org/angular-touch/-/angular-touch-1.7.5.tgz",
      "integrity": "sha512-XNAZNG0RA1mtdwBJheViCF1H/7wOygp4MLIfs5y1K+rne6AeaYKZcV6EJs9fvgfLKLO6ecm1+3J8hoCkdhhxQw=="
    },
    "d3": {
      "version": "3.5.17",
      "resolved": "https://registry.npmjs.org/d3/-/d3-3.5.17.tgz",
      "integrity": "sha1-vEZ0gAQ3iyGjYMn8fPUjF5B2L7g="
    },
    "d3-speedo-gauge": {
      "version": "1.0.5",
      "resolved": "https://registry.npmjs.org/d3-speedo-gauge/-/d3-speedo-gauge-1.0.5.tgz",
      "integrity": "sha512-7SSvcPuG1QEeYruxcxXVxo4OMktAvoZwsX0cx+S+FwTpf96vnkrIFO5X7zsTbAKUSrIdk9LofBhNHBV1AhidZA==",
      "requires": {
        "d3": "3.5.17"
      }
    },
    "hammerjs": {
      "version": "2.0.8",
      "resolved": "https://registry.npmjs.org/hammerjs/-/hammerjs-2.0.8.tgz",
      "integrity": "sha1-BO93hiz/K7edMPdpIJWTAiK/YPE="
    },
    "jquery": {
      "version": "3.3.1",
      "resolved": "https://registry.npmjs.org/jquery/-/jquery-3.3.1.tgz",
      "integrity": "sha512-Ubldcmxp5np52/ENotGxlLe6aGMvmF4R8S6tZjsP6Knsaxd/xp3Zrh50cG93lR6nPXyUFwzN3ZSOQI0wRJNdGg=="
    },
    "lazy-brush": {
      "version": "1.0.1",
      "resolved": "https://registry.npmjs.org/lazy-brush/-/lazy-brush-1.0.1.tgz",
      "integrity": "sha512-xT/iSClTVi7vLoF8dCWTBhCuOWqsLXCMPa6ucVmVAk6hyNCM5JeS1NLhXqIrJktUg+caEYKlqSOUU4u3cpXzKg=="
    },
    "materialize-css": {
      "version": "1.0.0",
      "resolved": "https://registry.npmjs.org/materialize-css/-/materialize-css-1.0.0.tgz",
      "integrity": "sha512-4/oecXl8y/1i8RDZvyvwAICyqwNoKU4or5uf8uoAd74k76KzZ0Llym4zhJ5lLNUskcqjO0AuMcvNyDkpz8Z6zw=="
    }
  }
}
